
Microsoft Visual Studio Solution File, Format Version 12.00
# Visual Studio 15
VisualStudioVersion = 15.0.28307.102
MinimumVisualStudioVersion = 10.0.40219.1
Project("{FAE04EC0-301F-11D3-BF4B-00C04F79EFBC}") = "Image2Geogebra", "Image2Geogebra\Image2Geogebra.csproj", "{AF3E8535-E481-49BD-9663-A3831EFA5A4B}"
EndProject
Global
	GlobalSection(SolutionConfigurationPlatforms) = preSolution
		Debug|Any CPU = Debug|Any CPU
		Release|Any CPU = Release|Any CPU
	EndGlobalSection
	GlobalSection(ProjectConfigurationPlatforms) = postSolution
		{AF3E8535-E481-49BD-9663-A3831EFA5A4B}.Debug|Any CPU.ActiveCfg = Debug|Any CPU
		{AF3E8535-E481-49BD-9663-A3831EFA5A4B}.Debug|Any CPU.Build.0 = Debug|Any CPU
		{AF3E8535-E481-49BD-9663-A3831EFA5A4B}.Release|Any CPU.ActiveCfg = Release|Any CPU
		{AF3E8535-E481-49BD-9663-A3831EFA5A4B}.Release|Any CPU.Build.0 = Release|Any CPU
	EndGlobalSection
	GlobalSection(SolutionProperties) = preSolution
		HideSolutionNode = FALSE
	EndGlobalSection
	GlobalSection(ExtensibilityGlobals) = postSolution
		SolutionGuid = {B6CBD7EE-4C1B-47F0-B135-CE0B201B00F5}
	EndGlobalSection
EndGlobal
